
Microsoft Visual Studio Solution File, Format Version 12.00
# Visual Studio Version 16
VisualStudioVersion = 16.0.29806.167
MinimumVisualStudioVersion = 10.0.40219.1
Project("{9A19103F-16F7-4668-BE54-9A1E7A4F7556}") = "TConvention.Core", "TConvention.Core\TConvention.Core.csproj", "{ED78A644-D02E-4E38-8BBC-E33C91D040B8}"
EndProject
Project("{9A19103F-16F7-4668-BE54-9A1E7A4F7556}") = "Client.AspCore", "Client.AspCore\Client.AspCore.csproj", "{443FFC59-6BE0-4944-AEAC-705897A5711F}"
EndProject
Project("{9A19103F-16F7-4668-BE54-9A1E7A4F7556}") = "TConvention.AspNetCore", "TConvention.AspNetCore\TConvention.AspNetCore.csproj", "{368A5825-2AF0-46DA-9627-0F66C5CFFD01}"
EndProject
Project("{9A19103F-16F7-4668-BE54-9A1E7A4F7556}") = "Client.Console", "Client.Console\Client.Console.csproj", "{7ED33809-35BC-468E-BD3B-FF8798437185}"
EndProject
Project("{FAE04EC0-301F-11D3-BF4B-00C04F79EFBC}") = "ElCliente", "ElCliente\ElCliente.csproj", "{5FADEE41-1E3F-452C-AD75-E0507815CD70}"
EndProject
Project("{FAE04EC0-301F-11D3-BF4B-00C04F79EFBC}") = "Client.AspCore.ConventionTests", "Client.AspCore.ConventionTests\Client.AspCore.ConventionTests.csproj", "{CB4F4D68-4EE6-499A-93FE-74C908A627C9}"
EndProject
Global
	GlobalSection(SolutionConfigurationPlatforms) = preSolution
		Debug|Any CPU = Debug|Any CPU
		Release|Any CPU = Release|Any CPU
	EndGlobalSection
	GlobalSection(ProjectConfigurationPlatforms) = postSolution
		{ED78A644-D02E-4E38-8BBC-E33C91D040B8}.Debug|Any CPU.ActiveCfg = Debug|Any CPU
		{ED78A644-D02E-4E38-8BBC-E33C91D040B8}.Debug|Any CPU.Build.0 = Debug|Any CPU
		{ED78A644-D02E-4E38-8BBC-E33C91D040B8}.Release|Any CPU.ActiveCfg = Release|Any CPU
		{ED78A644-D02E-4E38-8BBC-E33C91D040B8}.Release|Any CPU.Build.0 = Release|Any CPU
		{443FFC59-6BE0-4944-AEAC-705897A5711F}.Debug|Any CPU.ActiveCfg = Debug|Any CPU
		{443FFC59-6BE0-4944-AEAC-705897A5711F}.Debug|Any CPU.Build.0 = Debug|Any CPU
		{443FFC59-6BE0-4944-AEAC-705897A5711F}.Release|Any CPU.ActiveCfg = Release|Any CPU
		{443FFC59-6BE0-4944-AEAC-705897A5711F}.Release|Any CPU.Build.0 = Release|Any CPU
		{368A5825-2AF0-46DA-9627-0F66C5CFFD01}.Debug|Any CPU.ActiveCfg = Debug|Any CPU
		{368A5825-2AF0-46DA-9627-0F66C5CFFD01}.Debug|Any CPU.Build.0 = Debug|Any CPU
		{368A5825-2AF0-46DA-9627-0F66C5CFFD01}.Release|Any CPU.ActiveCfg = Release|Any CPU
		{368A5825-2AF0-46DA-9627-0F66C5CFFD01}.Release|Any CPU.Build.0 = Release|Any CPU
		{7ED33809-35BC-468E-BD3B-FF8798437185}.Debug|Any CPU.ActiveCfg = Debug|Any CPU
		{7ED33809-35BC-468E-BD3B-FF8798437185}.Debug|Any CPU.Build.0 = Debug|Any CPU
		{7ED33809-35BC-468E-BD3B-FF8798437185}.Release|Any CPU.ActiveCfg = Release|Any CPU
		{7ED33809-35BC-468E-BD3B-FF8798437185}.Release|Any CPU.Build.0 = Release|Any CPU
		{5FADEE41-1E3F-452C-AD75-E0507815CD70}.Debug|Any CPU.ActiveCfg = Debug|Any CPU
		{5FADEE41-1E3F-452C-AD75-E0507815CD70}.Debug|Any CPU.Build.0 = Debug|Any CPU
		{5FADEE41-1E3F-452C-AD75-E0507815CD70}.Release|Any CPU.ActiveCfg = Release|Any CPU
		{5FADEE41-1E3F-452C-AD75-E0507815CD70}.Release|Any CPU.Build.0 = Release|Any CPU
		{CB4F4D68-4EE6-499A-93FE-74C908A627C9}.Debug|Any CPU.ActiveCfg = Debug|Any CPU
		{CB4F4D68-4EE6-499A-93FE-74C908A627C9}.Debug|Any CPU.Build.0 = Debug|Any CPU
		{CB4F4D68-4EE6-499A-93FE-74C908A627C9}.Release|Any CPU.ActiveCfg = Release|Any CPU
		{CB4F4D68-4EE6-499A-93FE-74C908A627C9}.Release|Any CPU.Build.0 = Release|Any CPU
	EndGlobalSection
	GlobalSection(SolutionProperties) = preSolution
		HideSolutionNode = FALSE
	EndGlobalSection
	GlobalSection(ExtensibilityGlobals) = postSolution
		SolutionGuid = {5FEA88A4-DC99-421D-878B-67FDC9CB87FA}
	EndGlobalSection
EndGlobal
